
Microsoft Visual Studio Solution File, Format Version 11.00
# Visual Studio 2010
Project("{FAE04EC0-301F-11D3-BF4B-00C04F79EFBC}") = "AtmosphericSoundEnhancement", "AtmosphericSoundEnhancement\AtmosphericSoundEnhancement.csproj", "{9EA42AF1-29D3-4995-B79B-BE4C9C5E21C3}"
EndProject
Global
	GlobalSection(SolutionConfigurationPlatforms) = preSolution
		Debug|Any CPU = Debug|Any CPU
		Release|Any CPU = Release|Any CPU
	EndGlobalSection
	GlobalSection(ProjectConfigurationPlatforms) = postSolution
		{9EA42AF1-29D3-4995-B79B-BE4C9C5E21C3}.Debug|Any CPU.ActiveCfg = Debug|Any CPU
		{9EA42AF1-29D3-4995-B79B-BE4C9C5E21C3}.Debug|Any CPU.Build.0 = Debug|Any CPU
		{9EA42AF1-29D3-4995-B79B-BE4C9C5E21C3}.Release|Any CPU.ActiveCfg = Release|Any CPU
		{9EA42AF1-29D3-4995-B79B-BE4C9C5E21C3}.Release|Any CPU.Build.0 = Release|Any CPU
	EndGlobalSection
	GlobalSection(SolutionProperties) = preSolution
		HideSolutionNode = FALSE
	EndGlobalSection
EndGlobal
